
Microsoft Visual Studio Solution File, Format Version 12.00
# Visual Studio Version 17
VisualStudioVersion = 17.8.34330.188
MinimumVisualStudioVersion = 10.0.40219.1
Project("{FAE04EC0-301F-11D3-BF4B-00C04F79EFBC}") = "DemoEF", "DemoEF\DemoEF.csproj", "{A63763B7-9F86-453A-A732-B52DAB3A3460}"
EndProject
Global
	GlobalSection(SolutionConfigurationPlatforms) = preSolution
		Debug|Any CPU = Debug|Any CPU
		Release|Any CPU = Release|Any CPU
	EndGlobalSection
	GlobalSection(ProjectConfigurationPlatforms) = postSolution
		{A63763B7-9F86-453A-A732-B52DAB3A3460}.Debug|Any CPU.ActiveCfg = Debug|Any CPU
		{A63763B7-9F86-453A-A732-B52DAB3A3460}.Debug|Any CPU.Build.0 = Debug|Any CPU
		{A63763B7-9F86-453A-A732-B52DAB3A3460}.Release|Any CPU.ActiveCfg = Release|Any CPU
		{A63763B7-9F86-453A-A732-B52DAB3A3460}.Release|Any CPU.Build.0 = Release|Any CPU
	EndGlobalSection
	GlobalSection(SolutionProperties) = preSolution
		HideSolutionNode = FALSE
	EndGlobalSection
	GlobalSection(ExtensibilityGlobals) = postSolution
		SolutionGuid = {9B82A5FE-925A-432C-9CF5-4E92C5205397}
	EndGlobalSection
EndGlobal
